// !$*UTF8*$!
{
	archiveVersion = 1;
	classes = {
	};
	objectVersion = 56;
	objects = {

/* Begin PBXBuildFile section */
		1D0A9C662A324472002C811E /* AppDelegate.swift in Sources */ = {isa = PBXBuildFile; fileRef = 1D0A9C652A324472002C811E /* AppDelegate.swift */; };
		1D0A9C682A324472002C811E /* SceneDelegate.swift in Sources */ = {isa = PBXBuildFile; fileRef = 1D0A9C672A324472002C811E /* SceneDelegate.swift */; };
		1D0A9C6A2A324472002C811E /* ViewController.swift in Sources */ = {isa = PBXBuildFile; fileRef = 1D0A9C692A324472002C811E /* ViewController.swift */; };
		1D0A9C6D2A324472002C811E /* Main.storyboard in Resources */ = {isa = PBXBuildFile; fileRef = 1D0A9C6B2A324472002C811E /* Main.storyboard */; };
		1D0A9C6F2A324472002C811E /* Assets.xcassets in Resources */ = {isa = PBXBuildFile; fileRef = 1D0A9C6E2A324472002C811E /* Assets.xcassets */; };
		1D0A9C722A324472002C811E /* LaunchScreen.storyboard in Resources */ = {isa = PBXBuildFile; fileRef = 1D0A9C702A324472002C811E /* LaunchScreen.storyboard */; };
		1D0A9C7D2A324473002C811E /* DictionaryAppTests.swift in Sources */ = {isa = PBXBuildFile; fileRef = 1D0A9C7C2A324473002C811E /* DictionaryAppTests.swift */; };
		1D0A9C872A324473002C811E /* DictionaryAppUITests.swift in Sources */ = {isa = PBXBuildFile; fileRef = 1D0A9C862A324473002C811E /* DictionaryAppUITests.swift */; };
		1D0A9C892A324473002C811E /* DictionaryAppUITestsLaunchTests.swift in Sources */ = {isa = PBXBuildFile; fileRef = 1D0A9C882A324473002C811E /* DictionaryAppUITestsLaunchTests.swift */; };
		1D4BCDAA2A33075E00EEAF79 /* KelimeTableViewCell.swift in Sources */ = {isa = PBXBuildFile; fileRef = 1D4BCDA92A33075E00EEAF79 /* KelimeTableViewCell.swift */; };
		1D4BCDAC2A33083F00EEAF79 /* KelimeDetayViewController.swift in Sources */ = {isa = PBXBuildFile; fileRef = 1D4BCDAB2A33083F00EEAF79 /* KelimeDetayViewController.swift */; };
		1D4BCDAE2A33094D00EEAF79 /* Kelimeler.swift in Sources */ = {isa = PBXBuildFile; fileRef = 1D4BCDAD2A33094C00EEAF79 /* Kelimeler.swift */; };
		1D4BCDB02A330E6200EEAF79 /* sozluk.sqlite in Resources */ = {isa = PBXBuildFile; fileRef = 1D4BCDAF2A330E6200EEAF79 /* sozluk.sqlite */; };
		1D4BCDBD2A330E7200EEAF79 /* FMResultSet.m in Sources */ = {isa = PBXBuildFile; fileRef = 1D4BCDB32A330E7100EEAF79 /* FMResultSet.m */; };
		1D4BCDBE2A330E7200EEAF79 /* FMDatabasePool.m in Sources */ = {isa = PBXBuildFile; fileRef = 1D4BCDB62A330E7200EEAF79 /* FMDatabasePool.m */; };
		1D4BCDBF2A330E7200EEAF79 /* FMDatabaseAdditions.m in Sources */ = {isa = PBXBuildFile; fileRef = 1D4BCDB92A330E7200EEAF79 /* FMDatabaseAdditions.m */; };
		1D4BCDC02A330E7200EEAF79 /* FMDatabaseQueue.m in Sources */ = {isa = PBXBuildFile; fileRef = 1D4BCDBA2A330E7200EEAF79 /* FMDatabaseQueue.m */; };
		1D4BCDC12A330E7200EEAF79 /* FMDatabase.m in Sources */ = {isa = PBXBuildFile; fileRef = 1D4BCDBC2A330E7200EEAF79 /* FMDatabase.m */; };
		1D4BCDC42A330E9200EEAF79 /* libsqlite3.tbd in Frameworks */ = {isa = PBXBuildFile; fileRef = 1D4BCDC32A330E8B00EEAF79 /* libsqlite3.tbd */; };
		1D4BCDC62A330EF800EEAF79 /* Kelimelerdao.swift in Sources */ = {isa = PBXBuildFile; fileRef = 1D4BCDC52A330EF800EEAF79 /* Kelimelerdao.swift */; };
/* End PBXBuildFile section */

/* Begin PBXContainerItemProxy section */
		1D0A9C792A324473002C811E /* PBXContainerItemProxy */ = {
			isa = PBXContainerItemProxy;
			containerPortal = 1D0A9C5A2A324472002C811E /* Project object */;
			proxyType = 1;
			remoteGlobalIDString = 1D0A9C612A324472002C811E;
			remoteInfo = DictionaryApp;
		};
		1D0A9C832A324473002C811E /* PBXContainerItemProxy */ = {
			isa = PBXContainerItemProxy;
			containerPortal = 1D0A9C5A2A324472002C811E /* Project object */;
			proxyType = 1;
			remoteGlobalIDString = 1D0A9C612A324472002C811E;
			remoteInfo = DictionaryApp;
		};
/* End PBXContainerItemProxy section */

/* Begin PBXFileReference section */
		1D0A9C622A324472002C811E /* DictionaryApp.app */ = {isa = PBXFileReference; explicitFileType = wrapper.application; includeInIndex = 0; path = DictionaryApp.app; sourceTree = BUILT_PRODUCTS_DIR; };
		1D0A9C652A324472002C811E /* AppDelegate.swift */ = {isa = PBXFileReference; lastKnownFileType = sourcecode.swift; path = AppDelegate.swift; sourceTree = "<group>"; };
		1D0A9C672A324472002C811E /* SceneDelegate.swift */ = {isa = PBXFileReference; lastKnownFileType = sourcecode.swift; path = SceneDelegate.swift; sourceTree = "<group>"; };
		1D0A9C692A324472002C811E /* ViewController.swift */ = {isa = PBXFileReference; lastKnownFileType = sourcecode.swift; path = ViewController.swift; sourceTree = "<group>"; };
		1D0A9C6C2A324472002C811E /* Base */ = {isa = PBXFileReference; lastKnownFileType = file.storyboard; name = Base; path = Base.lproj/Main.storyboard; sourceTree = "<group>"; };
		1D0A9C6E2A324472002C811E /* Assets.xcassets */ = {isa = PBXFileReference; lastKnownFileType = folder.assetcatalog; path = Assets.xcassets; sourceTree = "<group>"; };
		1D0A9C712A324472002C811E /* Base */ = {isa = PBXFileReference; lastKnownFileType = file.storyboard; name = Base; path = Base.lproj/LaunchScreen.storyboard; sourceTree = "<group>"; };
		1D0A9C732A324472002C811E /* Info.plist */ = {isa = PBXFileReference; lastKnownFileType = text.plist.xml; path = Info.plist; sourceTree = "<group>"; };
		1D0A9C782A324473002C811E /* DictionaryAppTests.xctest */ = {isa = PBXFileReference; explicitFileType = wrapper.cfbundle; includeInIndex = 0; path = DictionaryAppTests.xctest; sourceTree = BUILT_PRODUCTS_DIR; };
		1D0A9C7C2A324473002C811E /* DictionaryAppTests.swift */ = {isa = PBXFileReference; lastKnownFileType = sourcecode.swift; path = DictionaryAppTests.swift; sourceTree = "<group>"; };
		1D0A9C822A324473002C811E /* DictionaryAppUITests.xctest */ = {isa = PBXFileReference; explicitFileType = wrapper.cfbundle; includeInIndex = 0; path = DictionaryAppUITests.xctest; sourceTree = BUILT_PRODUCTS_DIR; };
		1D0A9C862A324473002C811E /* DictionaryAppUITests.swift */ = {isa = PBXFileReference; lastKnownFileType = sourcecode.swift; path = DictionaryAppUITests.swift; sourceTree = "<group>"; };
		1D0A9C882A324473002C811E /* DictionaryAppUITestsLaunchTests.swift */ = {isa = PBXFileReference; lastKnownFileType = sourcecode.swift; path = DictionaryAppUITestsLaunchTests.swift; sourceTree = "<group>"; };
		1D4BCDA92A33075E00EEAF79 /* KelimeTableViewCell.swift */ = {isa = PBXFileReference; lastKnownFileType = sourcecode.swift; path = KelimeTableViewCell.swift; sourceTree = "<group>"; };
		1D4BCDAB2A33083F00EEAF79 /* KelimeDetayViewController.swift */ = {isa = PBXFileReference; lastKnownFileType = sourcecode.swift; path = KelimeDetayViewController.swift; sourceTree = "<group>"; };
		1D4BCDAD2A33094C00EEAF79 /* Kelimeler.swift */ = {isa = PBXFileReference; lastKnownFileType = sourcecode.swift; path = Kelimeler.swift; sourceTree = "<group>"; };
		1D4BCDAF2A330E6200EEAF79 /* sozluk.sqlite */ = {isa = PBXFileReference; lastKnownFileType = file; path = sozluk.sqlite; sourceTree = "<group>"; };
		1D4BCDB12A330E7100EEAF79 /* DictionaryApp-Bridging-Header.h */ = {isa = PBXFileReference; lastKnownFileType = sourcecode.c.h; path = "DictionaryApp-Bridging-Header.h"; sourceTree = "<group>"; };
		1D4BCDB22A330E7100EEAF79 /* FMDatabaseAdditions.h */ = {isa = PBXFileReference; fileEncoding = 4; lastKnownFileType = sourcecode.c.h; path = FMDatabaseAdditions.h; sourceTree = "<group>"; };
		1D4BCDB32A330E7100EEAF79 /* FMResultSet.m */ = {isa = PBXFileReference; fileEncoding = 4; lastKnownFileType = sourcecode.c.objc; path = FMResultSet.m; sourceTree = "<group>"; };
		1D4BCDB42A330E7100EEAF79 /* FMDB.h */ = {isa = PBXFileReference; fileEncoding = 4; lastKnownFileType = sourcecode.c.h; path = FMDB.h; sourceTree = "<group>"; };
		1D4BCDB52A330E7100EEAF79 /* FMDatabase.h */ = {isa = PBXFileReference; fileEncoding = 4; lastKnownFileType = sourcecode.c.h; path = FMDatabase.h; sourceTree = "<group>"; };
		1D4BCDB62A330E7200EEAF79 /* FMDatabasePool.m */ = {isa = PBXFileReference; fileEncoding = 4; lastKnownFileType = sourcecode.c.objc; path = FMDatabasePool.m; sourceTree = "<group>"; };
		1D4BCDB72A330E7200EEAF79 /* FMDatabaseQueue.h */ = {isa = PBXFileReference; fileEncoding = 4; lastKnownFileType = sourcecode.c.h; path = FMDatabaseQueue.h; sourceTree = "<group>"; };
		1D4BCDB82A330E7200EEAF79 /* FMResultSet.h */ = {isa = PBXFileReference; fileEncoding = 4; lastKnownFileType = sourcecode.c.h; path = FMResultSet.h; sourceTree = "<group>"; };
		1D4BCDB92A330E7200EEAF79 /* FMDatabaseAdditions.m */ = {isa = PBXFileReference; fileEncoding = 4; lastKnownFileType = sourcecode.c.objc; path = FMDatabaseAdditions.m; sourceTree = "<group>"; };
		1D4BCDBA2A330E7200EEAF79 /* FMDatabaseQueue.m */ = {isa = PBXFileReference; fileEncoding = 4; lastKnownFileType = sourcecode.c.objc; path = FMDatabaseQueue.m; sourceTree = "<group>"; };
		1D4BCDBB2A330E7200EEAF79 /* FMDatabasePool.h */ = {isa = PBXFileReference; fileEncoding = 4; lastKnownFileType = sourcecode.c.h; path = FMDatabasePool.h; sourceTree = "<group>"; };
		1D4BCDBC2A330E7200EEAF79 /* FMDatabase.m */ = {isa = PBXFileReference; fileEncoding = 4; lastKnownFileType = sourcecode.c.objc; path = FMDatabase.m; sourceTree = "<group>"; };
		1D4BCDC32A330E8B00EEAF79 /* libsqlite3.tbd */ = {isa = PBXFileReference; lastKnownFileType = "sourcecode.text-based-dylib-definition"; name = libsqlite3.tbd; path = usr/lib/libsqlite3.tbd; sourceTree = SDKROOT; };
		1D4BCDC52A330EF800EEAF79 /* Kelimelerdao.swift */ = {isa = PBXFileReference; lastKnownFileType = sourcecode.swift; path = Kelimelerdao.swift; sourceTree = "<group>"; };
/* End PBXFileReference section */

/* Begin PBXFrameworksBuildPhase section */
		1D0A9C5F2A324472002C811E /* Frameworks */ = {
			isa = PBXFrameworksBuildPhase;
			buildActionMask = 2147483647;
			files = (
				1D4BCDC42A330E9200EEAF79 /* libsqlite3.tbd in Frameworks */,
			);
			runOnlyForDeploymentPostprocessing = 0;
		};
		1D0A9C752A324473002C811E /* Frameworks */ = {
			isa = PBXFrameworksBuildPhase;
			buildActionMask = 2147483647;
			files = (
			);
			runOnlyForDeploymentPostprocessing = 0;
		};
		1D0A9C7F2A324473002C811E /* Frameworks */ = {
			isa = PBXFrameworksBuildPhase;
			buildActionMask = 2147483647;
			files = (
			);
			runOnlyForDeploymentPostprocessing = 0;
		};
/* End PBXFrameworksBuildPhase section */

/* Begin PBXGroup section */
		1D0A9C592A324472002C811E = {
			isa = PBXGroup;
			children = (
				1D0A9C642A324472002C811E /* DictionaryApp */,
				1D0A9C7B2A324473002C811E /* DictionaryAppTests */,
				1D0A9C852A324473002C811E /* DictionaryAppUITests */,
				1D0A9C632A324472002C811E /* Products */,
				1D4BCDC22A330E8B00EEAF79 /* Frameworks */,
			);
			sourceTree = "<group>";
		};
		1D0A9C632A324472002C811E /* Products */ = {
			isa = PBXGroup;
			children = (
				1D0A9C622A324472002C811E /* DictionaryApp.app */,
				1D0A9C782A324473002C811E /* DictionaryAppTests.xctest */,
				1D0A9C822A324473002C811E /* DictionaryAppUITests.xctest */,
			);
			name = Products;
			sourceTree = "<group>";
		};
		1D0A9C642A324472002C811E /* DictionaryApp */ = {
			isa = PBXGroup;
			children = (
				1D4BCDAF2A330E6200EEAF79 /* sozluk.sqlite */,
				1D0A9C652A324472002C811E /* AppDelegate.swift */,
				1D0A9C672A324472002C811E /* SceneDelegate.swift */,
				1D0A9C692A324472002C811E /* ViewController.swift */,
				1D0A9C6B2A324472002C811E /* Main.storyboard */,
				1D0A9C6E2A324472002C811E /* Assets.xcassets */,
				1D0A9C702A324472002C811E /* LaunchScreen.storyboard */,
				1D0A9C732A324472002C811E /* Info.plist */,
				1D4BCDA92A33075E00EEAF79 /* KelimeTableViewCell.swift */,
				1D4BCDAB2A33083F00EEAF79 /* KelimeDetayViewController.swift */,
				1D4BCDAD2A33094C00EEAF79 /* Kelimeler.swift */,
				1D4BCDB52A330E7100EEAF79 /* FMDatabase.h */,
				1D4BCDBC2A330E7200EEAF79 /* FMDatabase.m */,
				1D4BCDB22A330E7100EEAF79 /* FMDatabaseAdditions.h */,
				1D4BCDB92A330E7200EEAF79 /* FMDatabaseAdditions.m */,
				1D4BCDBB2A330E7200EEAF79 /* FMDatabasePool.h */,
				1D4BCDB62A330E7200EEAF79 /* FMDatabasePool.m */,
				1D4BCDB72A330E7200EEAF79 /* FMDatabaseQueue.h */,
				1D4BCDBA2A330E7200EEAF79 /* FMDatabaseQueue.m */,
				1D4BCDB42A330E7100EEAF79 /* FMDB.h */,
				1D4BCDB82A330E7200EEAF79 /* FMResultSet.h */,
				1D4BCDB32A330E7100EEAF79 /* FMResultSet.m */,
				1D4BCDB12A330E7100EEAF79 /* DictionaryApp-Bridging-Header.h */,
				1D4BCDC52A330EF800EEAF79 /* Kelimelerdao.swift */,
			);
			path = DictionaryApp;
			sourceTree = "<group>";
		};
		1D0A9C7B2A324473002C811E /* DictionaryAppTests */ = {
			isa = PBXGroup;
			children = (
				1D0A9C7C2A324473002C811E /* DictionaryAppTests.swift */,
			);
			path = DictionaryAppTests;
			sourceTree = "<group>";
		};
		1D0A9C852A324473002C811E /* DictionaryAppUITests */ = {
			isa = PBXGroup;
			children = (
				1D0A9C862A324473002C811E /* DictionaryAppUITests.swift */,
				1D0A9C882A324473002C811E /* DictionaryAppUITestsLaunchTests.swift */,
			);
			path = DictionaryAppUITests;
			sourceTree = "<group>";
		};
		1D4BCDC22A330E8B00EEAF79 /* Frameworks */ = {
			isa = PBXGroup;
			children = (
				1D4BCDC32A330E8B00EEAF79 /* libsqlite3.tbd */,
			);
			name = Frameworks;
			sourceTree = "<group>";
		};
/* End PBXGroup section */

/* Begin PBXNativeTarget section */
		1D0A9C612A324472002C811E /* DictionaryApp */ = {
			isa = PBXNativeTarget;
			buildConfigurationList = 1D0A9C8C2A324473002C811E /* Build configuration list for PBXNativeTarget "DictionaryApp" */;
			buildPhases = (
				1D0A9C5E2A324472002C811E /* Sources */,
				1D0A9C5F2A324472002C811E /* Frameworks */,
				1D0A9C602A324472002C811E /* Resources */,
			);
			buildRules = (
			);
			dependencies = (
			);
			name = DictionaryApp;
			productName = DictionaryApp;
			productReference = 1D0A9C622A324472002C811E /* DictionaryApp.app */;
			productType = "com.apple.product-type.application";
		};
		1D0A9C772A324473002C811E /* DictionaryAppTests */ = {
			isa = PBXNativeTarget;
			buildConfigurationList = 1D0A9C8F2A324473002C811E /* Build configuration list for PBXNativeTarget "DictionaryAppTests" */;
			buildPhases = (
				1D0A9C742A324473002C811E /* Sources */,
				1D0A9C752A324473002C811E /* Frameworks */,
				1D0A9C762A324473002C811E /* Resources */,
			);
			buildRules = (
			);
			dependencies = (
				1D0A9C7A2A324473002C811E /* PBXTargetDependency */,
			);
			name = DictionaryAppTests;
			productName = DictionaryAppTests;
			productReference = 1D0A9C782A324473002C811E /* DictionaryAppTests.xctest */;
			productType = "com.apple.product-type.bundle.unit-test";
		};
		1D0A9C812A324473002C811E /* DictionaryAppUITests */ = {
			isa = PBXNativeTarget;
			buildConfigurationList = 1D0A9C922A324473002C811E /* Build configuration list for PBXNativeTarget "DictionaryAppUITests" */;
			buildPhases = (
				1D0A9C7E2A324473002C811E /* Sources */,
				1D0A9C7F2A324473002C811E /* Frameworks */,
				1D0A9C802A324473002C811E /* Resources */,
			);
			buildRules = (
			);
			dependencies = (
				1D0A9C842A324473002C811E /* PBXTargetDependency */,
			);
			name = DictionaryAppUITests;
			productName = DictionaryAppUITests;
			productReference = 1D0A9C822A324473002C811E /* DictionaryAppUITests.xctest */;
			productType = "com.apple.product-type.bundle.ui-testing";
		};
/* End PBXNativeTarget section */

/* Begin PBXProject section */
		1D0A9C5A2A324472002C811E /* Project object */ = {
			isa = PBXProject;
			attributes = {
				BuildIndependentTargetsInParallel = 1;
				LastSwiftUpdateCheck = 1420;
				LastUpgradeCheck = 1420;
				TargetAttributes = {
					1D0A9C612A324472002C811E = {
						CreatedOnToolsVersion = 14.2;
						LastSwiftMigration = 1430;
					};
					1D0A9C772A324473002C811E = {
						CreatedOnToolsVersion = 14.2;
						TestTargetID = 1D0A9C612A324472002C811E;
					};
					1D0A9C812A324473002C811E = {
						CreatedOnToolsVersion = 14.2;
						TestTargetID = 1D0A9C612A324472002C811E;
					};
				};
			};
			buildConfigurationList = 1D0A9C5D2A324472002C811E /* Build configuration list for PBXProject "DictionaryApp" */;
			compatibilityVersion = "Xcode 14.0";
			developmentRegion = en;
			hasScannedForEncodings = 0;
			knownRegions = (
				en,
				Base,
			);
			mainGroup = 1D0A9C592A324472002C811E;
			productRefGroup = 1D0A9C632A324472002C811E /* Products */;
			projectDirPath = "";
			projectRoot = "";
			targets = (
				1D0A9C612A324472002C811E /* DictionaryApp */,
				1D0A9C772A324473002C811E /* DictionaryAppTests */,
				1D0A9C812A324473002C811E /* DictionaryAppUITests */,
			);
		};
/* End PBXProject section */

/* Begin PBXResourcesBuildPhase section */
		1D0A9C602A324472002C811E /* Resources */ = {
			isa = PBXResourcesBuildPhase;
			buildActionMask = 2147483647;
			files = (
				1D0A9C722A324472002C811E /* LaunchScreen.storyboard in Resources */,
				1D4BCDB02A330E6200EEAF79 /* sozluk.sqlite in Resources */,
				1D0A9C6F2A324472002C811E /* Assets.xcassets in Resources */,
				1D0A9C6D2A324472002C811E /* Main.storyboard in Resources */,
			);
			runOnlyForDeploymentPostprocessing = 0;
		};
		1D0A9C762A324473002C811E /* Resources */ = {
			isa = PBXResourcesBuildPhase;
			buildActionMask = 2147483647;
			files = (
			);
			runOnlyForDeploymentPostprocessing = 0;
		};
		1D0A9C802A324473002C811E /* Resources */ = {
			isa = PBXResourcesBuildPhase;
			buildActionMask = 2147483647;
			files = (
			);
			runOnlyForDeploymentPostprocessing = 0;
		};
/* End PBXResourcesBuildPhase section */

/* Begin PBXSourcesBuildPhase section */
		1D0A9C5E2A324472002C811E /* Sources */ = {
			isa = PBXSourcesBuildPhase;
			buildActionMask = 2147483647;
			files = (
				1D4BCDAE2A33094D00EEAF79 /* Kelimeler.swift in Sources */,
				1D0A9C6A2A324472002C811E /* ViewController.swift in Sources */,
				1D4BCDBD2A330E7200EEAF79 /* FMResultSet.m in Sources */,
				1D4BCDAC2A33083F00EEAF79 /* KelimeDetayViewController.swift in Sources */,
				1D0A9C662A324472002C811E /* AppDelegate.swift in Sources */,
				1D4BCDC02A330E7200EEAF79 /* FMDatabaseQueue.m in Sources */,
				1D4BCDBF2A330E7200EEAF79 /* FMDatabaseAdditions.m in Sources */,
				1D4BCDBE2A330E7200EEAF79 /* FMDatabasePool.m in Sources */,
				1D4BCDAA2A33075E00EEAF79 /* KelimeTableViewCell.swift in Sources */,
				1D4BCDC12A330E7200EEAF79 /* FMDatabase.m in Sources */,
				1D0A9C682A324472002C811E /* SceneDelegate.swift in Sources */,
				1D4BCDC62A330EF800EEAF79 /* Kelimelerdao.swift in Sources */,
			);
			runOnlyForDeploymentPostprocessing = 0;
		};
		1D0A9C742A324473002C811E /* Sources */ = {
			isa = PBXSourcesBuildPhase;
			buildActionMask = 2147483647;
			files = (
				1D0A9C7D2A324473002C811E /* DictionaryAppTests.swift in Sources */,
			);
			runOnlyForDeploymentPostprocessing = 0;
		};
		1D0A9C7E2A324473002C811E /* Sources */ = {
			isa = PBXSourcesBuildPhase;
			buildActionMask = 2147483647;
			files = (
				1D0A9C892A324473002C811E /* DictionaryAppUITestsLaunchTests.swift in Sources */,
				1D0A9C872A324473002C811E /* DictionaryAppUITests.swift in Sources */,
			);
			runOnlyForDeploymentPostprocessing = 0;
		};
/* End PBXSourcesBuildPhase section */

/* Begin PBXTargetDependency section */
		1D0A9C7A2A324473002C811E /* PBXTargetDependency */ = {
			isa = PBXTargetDependency;
			target = 1D0A9C612A324472002C811E /* DictionaryApp */;
			targetProxy = 1D0A9C792A324473002C811E /* PBXContainerItemProxy */;
		};
		1D0A9C842A324473002C811E /* PBXTargetDependency */ = {
			isa = PBXTargetDependency;
			target = 1D0A9C612A324472002C811E /* DictionaryApp */;
			targetProxy = 1D0A9C832A324473002C811E /* PBXContainerItemProxy */;
		};
/* End PBXTargetDependency section */

/* Begin PBXVariantGroup section */
		1D0A9C6B2A324472002C811E /* Main.storyboard */ = {
			isa = PBXVariantGroup;
			children = (
				1D0A9C6C2A324472002C811E /* Base */,
			);
			name = Main.storyboard;
			sourceTree = "<group>";
		};
		1D0A9C702A324472002C811E /* LaunchScreen.storyboard */ = {
			isa = PBXVariantGroup;
			children = (
				1D0A9C712A324472002C811E /* Base */,
			);
			name = LaunchScreen.storyboard;
			sourceTree = "<group>";
		};
/* End PBXVariantGroup section */

/* Begin XCBuildConfiguration section */
		1D0A9C8A2A324473002C811E /* Debug */ = {
			isa = XCBuildConfiguration;
			buildSettings = {
				ALWAYS_SEARCH_USER_PATHS = NO;
				CLANG_ANALYZER_NONNULL = YES;
				CLANG_ANALYZER_NUMBER_OBJECT_CONVERSION = YES_AGGRESSIVE;
				CLANG_CXX_LANGUAGE_STANDARD = "gnu++20";
				CLANG_ENABLE_MODULES = YES;
				CLANG_ENABLE_OBJC_ARC = YES;
				CLANG_ENABLE_OBJC_WEAK = YES;
				CLANG_WARN_BLOCK_CAPTURE_AUTORELEASING = YES;
				CLANG_WARN_BOOL_CONVERSION = YES;
				CLANG_WARN_COMMA = YES;
				CLANG_WARN_CONSTANT_CONVERSION = YES;
				CLANG_WARN_DEPRECATED_OBJC_IMPLEMENTATIONS = YES;
				CLANG_WARN_DIRECT_OBJC_ISA_USAGE = YES_ERROR;
				CLANG_WARN_DOCUMENTATION_COMMENTS = YES;
				CLANG_WARN_EMPTY_BODY = YES;
				CLANG_WARN_ENUM_CONVERSION = YES;
				CLANG_WARN_INFINITE_RECURSION = YES;
				CLANG_WARN_INT_CONVERSION = YES;
				CLANG_WARN_NON_LITERAL_NULL_CONVERSION = YES;
				CLANG_WARN_OBJC_IMPLICIT_RETAIN_SELF = YES;
				CLANG_WARN_OBJC_LITERAL_CONVERSION = YES;
				CLANG_WARN_OBJC_ROOT_CLASS = YES_ERROR;
				CLANG_WARN_QUOTED_INCLUDE_IN_FRAMEWORK_HEADER = YES;
				CLANG_WARN_RANGE_LOOP_ANALYSIS = YES;
				CLANG_WARN_STRICT_PROTOTYPES = YES;
				CLANG_WARN_SUSPICIOUS_MOVE = YES;
				CLANG_WARN_UNGUARDED_AVAILABILITY = YES_AGGRESSIVE;
				CLANG_WARN_UNREACHABLE_CODE = YES;
				CLANG_WARN__DUPLICATE_METHOD_MATCH = YES;
				COPY_PHASE_STRIP = NO;
				DEBUG_INFORMATION_FORMAT = dwarf;
				ENABLE_STRICT_OBJC_MSGSEND = YES;
				ENABLE_TESTABILITY = YES;
				GCC_C_LANGUAGE_STANDARD = gnu11;
				GCC_DYNAMIC_NO_PIC = NO;
				GCC_NO_COMMON_BLOCKS = YES;
				GCC_OPTIMIZATION_LEVEL = 0;
				GCC_PREPROCESSOR_DEFINITIONS = (
					"DEBUG=1",
					"$(inherited)",
				);
				GCC_WARN_64_TO_32_BIT_CONVERSION = YES;
				GCC_WARN_ABOUT_RETURN_TYPE = YES_ERROR;
				GCC_WARN_UNDECLARED_SELECTOR = YES;
				GCC_WARN_UNINITIALIZED_AUTOS = YES_AGGRESSIVE;
				GCC_WARN_UNUSED_FUNCTION = YES;
				GCC_WARN_UNUSED_VARIABLE = YES;
				IPHONEOS_DEPLOYMENT_TARGET = 16.2;
				MTL_ENABLE_DEBUG_INFO = INCLUDE_SOURCE;
				MTL_FAST_MATH = YES;
				ONLY_ACTIVE_ARCH = YES;
				SDKROOT = iphoneos;
				SWIFT_ACTIVE_COMPILATION_CONDITIONS = DEBUG;
				SWIFT_OPTIMIZATION_LEVEL = "-Onone";
			};
			name = Debug;
		};
		1D0A9C8B2A324473002C811E /* Release */ = {
			isa = XCBuildConfiguration;
			buildSettings = {
				ALWAYS_SEARCH_USER_PATHS = NO;
				CLANG_ANALYZER_NONNULL = YES;
				CLANG_ANALYZER_NUMBER_OBJECT_CONVERSION = YES_AGGRESSIVE;
				CLANG_CXX_LANGUAGE_STANDARD = "gnu++20";
				CLANG_ENABLE_MODULES = YES;
				CLANG_ENABLE_OBJC_ARC = YES;
				CLANG_ENABLE_OBJC_WEAK = YES;
				CLANG_WARN_BLOCK_CAPTURE_AUTORELEASING = YES;
				CLANG_WARN_BOOL_CONVERSION = YES;
				CLANG_WARN_COMMA = YES;
				CLANG_WARN_CONSTANT_CONVERSION = YES;
				CLANG_WARN_DEPRECATED_OBJC_IMPLEMENTATIONS = YES;
				CLANG_WARN_DIRECT_OBJC_ISA_USAGE = YES_ERROR;
				CLANG_WARN_DOCUMENTATION_COMMENTS = YES;
				CLANG_WARN_EMPTY_BODY = YES;
				CLANG_WARN_ENUM_CONVERSION = YES;
				CLANG_WARN_INFINITE_RECURSION = YES;
				CLANG_WARN_INT_CONVERSION = YES;
				CLANG_WARN_NON_LITERAL_NULL_CONVERSION = YES;
				CLANG_WARN_OBJC_IMPLICIT_RETAIN_SELF = YES;
				CLANG_WARN_OBJC_LITERAL_CONVERSION = YES;
				CLANG_WARN_OBJC_ROOT_CLASS = YES_ERROR;
				CLANG_WARN_QUOTED_INCLUDE_IN_FRAMEWORK_HEADER = YES;
				CLANG_WARN_RANGE_LOOP_ANALYSIS = YES;
				CLANG_WARN_STRICT_PROTOTYPES = YES;
				CLANG_WARN_SUSPICIOUS_MOVE = YES;
				CLANG_WARN_UNGUARDED_AVAILABILITY = YES_AGGRESSIVE;
				CLANG_WARN_UNREACHABLE_CODE = YES;
				CLANG_WARN__DUPLICATE_METHOD_MATCH = YES;
				COPY_PHASE_STRIP = NO;
				DEBUG_INFORMATION_FORMAT = "dwarf-with-dsym";
				ENABLE_NS_ASSERTIONS = NO;
				ENABLE_STRICT_OBJC_MSGSEND = YES;
				GCC_C_LANGUAGE_STANDARD = gnu11;
				GCC_NO_COMMON_BLOCKS = YES;
				GCC_WARN_64_TO_32_BIT_CONVERSION = YES;
				GCC_WARN_ABOUT_RETURN_TYPE = YES_ERROR;
				GCC_WARN_UNDECLARED_SELECTOR = YES;
				GCC_WARN_UNINITIALIZED_AUTOS = YES_AGGRESSIVE;
				GCC_WARN_UNUSED_FUNCTION = YES;
				GCC_WARN_UNUSED_VARIABLE = YES;
				IPHONEOS_DEPLOYMENT_TARGET = 16.2;
				MTL_ENABLE_DEBUG_INFO = NO;
				MTL_FAST_MATH = YES;
				SDKROOT = iphoneos;
				SWIFT_COMPILATION_MODE = wholemodule;
				SWIFT_OPTIMIZATION_LEVEL = "-O";
				VALIDATE_PRODUCT = YES;
			};
			name = Release;
		};
		1D0A9C8D2A324473002C811E /* Debug */ = {
			isa = XCBuildConfiguration;
			buildSettings = {
				ASSETCATALOG_COMPILER_APPICON_NAME = AppIcon;
				ASSETCATALOG_COMPILER_GLOBAL_ACCENT_COLOR_NAME = AccentColor;
				CLANG_ENABLE_MODULES = YES;
				CODE_SIGN_STYLE = Automatic;
				CURRENT_PROJECT_VERSION = 1;
				DEVELOPMENT_TEAM = K6QQKCTVVC;
				GENERATE_INFOPLIST_FILE = YES;
				INFOPLIST_FILE = DictionaryApp/Info.plist;
				INFOPLIST_KEY_UIApplicationSupportsIndirectInputEvents = YES;
				INFOPLIST_KEY_UILaunchStoryboardName = LaunchScreen;
				INFOPLIST_KEY_UIMainStoryboardFile = Main;
				INFOPLIST_KEY_UISupportedInterfaceOrientations_iPad = "UIInterfaceOrientationPortrait UIInterfaceOrientationPortraitUpsideDown UIInterfaceOrientationLandscapeLeft UIInterfaceOrientationLandscapeRight";
				INFOPLIST_KEY_UISupportedInterfaceOrientations_iPhone = "UIInterfaceOrientationPortrait UIInterfaceOrientationLandscapeLeft UIInterfaceOrientationLandscapeRight";
				LD_RUNPATH_SEARCH_PATHS = (
					"$(inherited)",
					"@executable_path/Frameworks",
				);
				MARKETING_VERSION = 1.0;
				PRODUCT_BUNDLE_IDENTIFIER = com.sarigilcagdas.DictionaryApp;
				PRODUCT_NAME = "$(TARGET_NAME)";
				SWIFT_EMIT_LOC_STRINGS = YES;
				SWIFT_OBJC_BRIDGING_HEADER = "DictionaryApp/DictionaryApp-Bridging-Header.h";
				SWIFT_OPTIMIZATION_LEVEL = "-Onone";
				SWIFT_VERSION = 5.0;
				TARGETED_DEVICE_FAMILY = "1,2";
			};
			name = Debug;
		};
		1D0A9C8E2A324473002C811E /* Release */ = {
			isa = XCBuildConfiguration;
			buildSettings = {
				ASSETCATALOG_COMPILER_APPICON_NAME = AppIcon;
				ASSETCATALOG_COMPILER_GLOBAL_ACCENT_COLOR_NAME = AccentColor;
				CLANG_ENABLE_MODULES = YES;
				CODE_SIGN_STYLE = Automatic;
				CURRENT_PROJECT_VERSION = 1;
				DEVELOPMENT_TEAM = K6QQKCTVVC;
				GENERATE_INFOPLIST_FILE = YES;
				INFOPLIST_FILE = DictionaryApp/Info.plist;
				INFOPLIST_KEY_UIApplicationSupportsIndirectInputEvents = YES;
				INFOPLIST_KEY_UILaunchStoryboardName = LaunchScreen;
				INFOPLIST_KEY_UIMainStoryboardFile = Main;
				INFOPLIST_KEY_UISupportedInterfaceOrientations_iPad = "UIInterfaceOrientationPortrait UIInterfaceOrientationPortraitUpsideDown UIInterfaceOrientationLandscapeLeft UIInterfaceOrientationLandscapeRight";
				INFOPLIST_KEY_UISupportedInterfaceOrientations_iPhone = "UIInterfaceOrientationPortrait UIInterfaceOrientationLandscapeLeft UIInterfaceOrientationLandscapeRight";
				LD_RUNPATH_SEARCH_PATHS = (
					"$(inherited)",
					"@executable_path/Frameworks",
				);
				MARKETING_VERSION = 1.0;
				PRODUCT_BUNDLE_IDENTIFIER = com.sarigilcagdas.DictionaryApp;
				PRODUCT_NAME = "$(TARGET_NAME)";
				SWIFT_EMIT_LOC_STRINGS = YES;
				SWIFT_OBJC_BRIDGING_HEADER = "DictionaryApp/DictionaryApp-Bridging-Header.h";
				SWIFT_VERSION = 5.0;
				TARGETED_DEVICE_FAMILY = "1,2";
			};
			name = Release;
		};
		1D0A9C902A324473002C811E /* Debug */ = {
			isa = XCBuildConfiguration;
			buildSettings = {
				ALWAYS_EMBED_SWIFT_STANDARD_LIBRARIES = YES;
				BUNDLE_LOADER = "$(TEST_HOST)";
				CODE_SIGN_STYLE = Automatic;
				CURRENT_PROJECT_VERSION = 1;
				DEVELOPMENT_TEAM = K6QQKCTVVC;
				GENERATE_INFOPLIST_FILE = YES;
				IPHONEOS_DEPLOYMENT_TARGET = 16.2;
				MARKETING_VERSION = 1.0;
				PRODUCT_BUNDLE_IDENTIFIER = com.sarigilcagdas.DictionaryAppTests;
				PRODUCT_NAME = "$(TARGET_NAME)";
				SWIFT_EMIT_LOC_STRINGS = NO;
				SWIFT_VERSION = 5.0;
				TARGETED_DEVICE_FAMILY = "1,2";
				TEST_HOST = "$(BUILT_PRODUCTS_DIR)/DictionaryApp.app/$(BUNDLE_EXECUTABLE_FOLDER_PATH)/DictionaryApp";
			};
			name = Debug;
		};
		1D0A9C912A324473002C811E /* Release */ = {
			isa = XCBuildConfiguration;
			buildSettings = {
				ALWAYS_EMBED_SWIFT_STANDARD_LIBRARIES = YES;
				BUNDLE_LOADER = "$(TEST_HOST)";
				CODE_SIGN_STYLE = Automatic;
				CURRENT_PROJECT_VERSION = 1;
				DEVELOPMENT_TEAM = K6QQKCTVVC;
				GENERATE_INFOPLIST_FILE = YES;
				IPHONEOS_DEPLOYMENT_TARGET = 16.2;
				MARKETING_VERSION = 1.0;
				PRODUCT_BUNDLE_IDENTIFIER = com.sarigilcagdas.DictionaryAppTests;
				PRODUCT_NAME = "$(TARGET_NAME)";
				SWIFT_EMIT_LOC_STRINGS = NO;
				SWIFT_VERSION = 5.0;
				TARGETED_DEVICE_FAMILY = "1,2";
				TEST_HOST = "$(BUILT_PRODUCTS_DIR)/DictionaryApp.app/$(BUNDLE_EXECUTABLE_FOLDER_PATH)/DictionaryApp";
			};
			name = Release;
		};
		1D0A9C932A324473002C811E /* Debug */ = {
			isa = XCBuildConfiguration;
			buildSettings = {
				ALWAYS_EMBED_SWIFT_STANDARD_LIBRARIES = YES;
				CODE_SIGN_STYLE = Automatic;
				CURRENT_PROJECT_VERSION = 1;
				DEVELOPMENT_TEAM = K6QQKCTVVC;
				GENERATE_INFOPLIST_FILE = YES;
				MARKETING_VERSION = 1.0;
				PRODUCT_BUNDLE_IDENTIFIER = com.sarigilcagdas.DictionaryAppUITests;
				PRODUCT_NAME = "$(TARGET_NAME)";
				SWIFT_EMIT_LOC_STRINGS = NO;
				SWIFT_VERSION = 5.0;
				TARGETED_DEVICE_FAMILY = "1,2";
				TEST_TARGET_NAME = DictionaryApp;
			};
			name = Debug;
		};
		1D0A9C942A324473002C811E /* Release */ = {
			isa = XCBuildConfiguration;
			buildSettings = {
				ALWAYS_EMBED_SWIFT_STANDARD_LIBRARIES = YES;
				CODE_SIGN_STYLE = Automatic;
				CURRENT_PROJECT_VERSION = 1;
				DEVELOPMENT_TEAM = K6QQKCTVVC;
				GENERATE_INFOPLIST_FILE = YES;
				MARKETING_VERSION = 1.0;
				PRODUCT_BUNDLE_IDENTIFIER = com.sarigilcagdas.DictionaryAppUITests;
				PRODUCT_NAME = "$(TARGET_NAME)";
				SWIFT_EMIT_LOC_STRINGS = NO;
				SWIFT_VERSION = 5.0;
				TARGETED_DEVICE_FAMILY = "1,2";
				TEST_TARGET_NAME = DictionaryApp;
			};
			name = Release;
		};
/* End XCBuildConfiguration section */

/* Begin XCConfigurationList section */
		1D0A9C5D2A324472002C811E /* Build configuration list for PBXProject "DictionaryApp" */ = {
			isa = XCConfigurationList;
			buildConfigurations = (
				1D0A9C8A2A324473002C811E /* Debug */,
				1D0A9C8B2A324473002C811E /* Release */,
			);
			defaultConfigurationIsVisible = 0;
			defaultConfigurationName = Release;
		};
		1D0A9C8C2A324473002C811E /* Build configuration list for PBXNativeTarget "DictionaryApp" */ = {
			isa = XCConfigurationList;
			buildConfigurations = (
				1D0A9C8D2A324473002C811E /* Debug */,
				1D0A9C8E2A324473002C811E /* Release */,
			);
			defaultConfigurationIsVisible = 0;
			defaultConfigurationName = Release;
		};
		1D0A9C8F2A324473002C811E /* Build configuration list for PBXNativeTarget "DictionaryAppTests" */ = {
			isa = XCConfigurationList;
			buildConfigurations = (
				1D0A9C902A324473002C811E /* Debug */,
				1D0A9C912A324473002C811E /* Release */,
			);
			defaultConfigurationIsVisible = 0;
			defaultConfigurationName = Release;
		};
		1D0A9C922A324473002C811E /* Build configuration list for PBXNativeTarget "DictionaryAppUITests" */ = {
			isa = XCConfigurationList;
			buildConfigurations = (
				1D0A9C932A324473002C811E /* Debug */,
				1D0A9C942A324473002C811E /* Release */,
			);
			defaultConfigurationIsVisible = 0;
			defaultConfigurationName = Release;
		};
/* End XCConfigurationList section */
	};
	rootObject = 1D0A9C5A2A324472002C811E /* Project object */;
}
